
Microsoft Visual Studio Solution File, Format Version 12.00
# Visual Studio Version 17
VisualStudioVersion = 17.14.36429.23 d17.14
MinimumVisualStudioVersion = 10.0.40219.1
Project("{FAE04EC0-301F-11D3-BF4B-00C04F79EFBC}") = "zad1", "zad1\zad1.csproj", "{D20356E5-066F-400A-AEA2-289D12CCBDF0}"
EndProject
Global
	GlobalSection(SolutionConfigurationPlatforms) = preSolution
		Debug|Any CPU = Debug|Any CPU
		Release|Any CPU = Release|Any CPU
	EndGlobalSection
	GlobalSection(ProjectConfigurationPlatforms) = postSolution
		{D20356E5-066F-400A-AEA2-289D12CCBDF0}.Debug|Any CPU.ActiveCfg = Debug|Any CPU
		{D20356E5-066F-400A-AEA2-289D12CCBDF0}.Debug|Any CPU.Build.0 = Debug|Any CPU
		{D20356E5-066F-400A-AEA2-289D12CCBDF0}.Release|Any CPU.ActiveCfg = Release|Any CPU
		{D20356E5-066F-400A-AEA2-289D12CCBDF0}.Release|Any CPU.Build.0 = Release|Any CPU
	EndGlobalSection
	GlobalSection(SolutionProperties) = preSolution
		HideSolutionNode = FALSE
	EndGlobalSection
	GlobalSection(ExtensibilityGlobals) = postSolution
		SolutionGuid = {D557CF1D-AC32-4FEE-A23E-6FC733FA9E90}
	EndGlobalSection
EndGlobal
